// !$*UTF8*$!
{
	archiveVersion = 1;
	classes = {
	};
	objectVersion = 48;
	objects = {

/* Begin PBXBuildFile section */
		1345F0A21FBE693F00B94F1B /* AppDelegate.swift in Sources */ = {isa = PBXBuildFile; fileRef = 1345F0A11FBE693F00B94F1B /* AppDelegate.swift */; };
		1345F0A41FBE693F00B94F1B /* LoginViewController.swift in Sources */ = {isa = PBXBuildFile; fileRef = 1345F0A31FBE693F00B94F1B /* LoginViewController.swift */; };
		1345F0A71FBE693F00B94F1B /* Main.storyboard in Resources */ = {isa = PBXBuildFile; fileRef = 1345F0A51FBE693F00B94F1B /* Main.storyboard */; };
		1345F0AA1FBE693F00B94F1B /* Emdad.xcdatamodeld in Sources */ = {isa = PBXBuildFile; fileRef = 1345F0A81FBE693F00B94F1B /* Emdad.xcdatamodeld */; };
		1345F0AC1FBE693F00B94F1B /* Assets.xcassets in Resources */ = {isa = PBXBuildFile; fileRef = 1345F0AB1FBE693F00B94F1B /* Assets.xcassets */; };
		1345F0AF1FBE693F00B94F1B /* LaunchScreen.storyboard in Resources */ = {isa = PBXBuildFile; fileRef = 1345F0AD1FBE693F00B94F1B /* LaunchScreen.storyboard */; };
		1345F0B91FBE69FE00B94F1B /* Emdad_Request.swift in Sources */ = {isa = PBXBuildFile; fileRef = 1345F0B81FBE69FE00B94F1B /* Emdad_Request.swift */; };
		1345F0BB1FBE8C0B00B94F1B /* EmdadBackend.swift in Sources */ = {isa = PBXBuildFile; fileRef = 1345F0BA1FBE8C0B00B94F1B /* EmdadBackend.swift */; };
		136435C11FC05A3000432445 /* MapViewController.swift in Sources */ = {isa = PBXBuildFile; fileRef = 136435C01FC05A3000432445 /* MapViewController.swift */; };
		136435C51FC0782800432445 /* Emdad_Helper_Module.swift in Sources */ = {isa = PBXBuildFile; fileRef = 136435C41FC0782800432445 /* Emdad_Helper_Module.swift */; };
		13D531801FBEEE8500ECF0BE /* Emdad_Annotations.swift in Sources */ = {isa = PBXBuildFile; fileRef = 13D5317F1FBEEE8500ECF0BE /* Emdad_Annotations.swift */; };
		13D531881FBFD1F600ECF0BE /* RequestDetailViewController.swift in Sources */ = {isa = PBXBuildFile; fileRef = 13D531871FBFD1F600ECF0BE /* RequestDetailViewController.swift */; };
		13D5318A1FBFD27700ECF0BE /* PackageTableViewCell.swift in Sources */ = {isa = PBXBuildFile; fileRef = 13D531891FBFD27700ECF0BE /* PackageTableViewCell.swift */; };
		7485F9F860F45B009A632C48 /* Pods_Emdad.framework in Frameworks */ = {isa = PBXBuildFile; fileRef = E3283F2BF1392A0D6F492046 /* Pods_Emdad.framework */; };
/* End PBXBuildFile section */

/* Begin PBXFileReference section */
		1345F09E1FBE693F00B94F1B /* Emdad.app */ = {isa = PBXFileReference; explicitFileType = wrapper.application; includeInIndex = 0; path = Emdad.app; sourceTree = BUILT_PRODUCTS_DIR; };
		1345F0A11FBE693F00B94F1B /* AppDelegate.swift */ = {isa = PBXFileReference; lastKnownFileType = sourcecode.swift; path = AppDelegate.swift; sourceTree = "<group>"; };
		1345F0A31FBE693F00B94F1B /* LoginViewController.swift */ = {isa = PBXFileReference; lastKnownFileType = sourcecode.swift; path = LoginViewController.swift; sourceTree = "<group>"; };
		1345F0A61FBE693F00B94F1B /* Base */ = {isa = PBXFileReference; lastKnownFileType = file.storyboard; name = Base; path = Base.lproj/Main.storyboard; sourceTree = "<group>"; };
		1345F0A91FBE693F00B94F1B /* Emdad.xcdatamodel */ = {isa = PBXFileReference; lastKnownFileType = wrapper.xcdatamodel; path = Emdad.xcdatamodel; sourceTree = "<group>"; };
		1345F0AB1FBE693F00B94F1B /* Assets.xcassets */ = {isa = PBXFileReference; lastKnownFileType = folder.assetcatalog; path = Assets.xcassets; sourceTree = "<group>"; };
		1345F0AE1FBE693F00B94F1B /* Base */ = {isa = PBXFileReference; lastKnownFileType = file.storyboard; name = Base; path = Base.lproj/LaunchScreen.storyboard; sourceTree = "<group>"; };
		1345F0B01FBE693F00B94F1B /* Info.plist */ = {isa = PBXFileReference; lastKnownFileType = text.plist.xml; path = Info.plist; sourceTree = "<group>"; };
		1345F0B81FBE69FE00B94F1B /* Emdad_Request.swift */ = {isa = PBXFileReference; lastKnownFileType = sourcecode.swift; path = Emdad_Request.swift; sourceTree = "<group>"; };
		1345F0BA1FBE8C0B00B94F1B /* EmdadBackend.swift */ = {isa = PBXFileReference; lastKnownFileType = sourcecode.swift; path = EmdadBackend.swift; sourceTree = "<group>"; };
		136435C01FC05A3000432445 /* MapViewController.swift */ = {isa = PBXFileReference; lastKnownFileType = sourcecode.swift; path = MapViewController.swift; sourceTree = "<group>"; };
		136435C41FC0782800432445 /* Emdad_Helper_Module.swift */ = {isa = PBXFileReference; lastKnownFileType = sourcecode.swift; path = Emdad_Helper_Module.swift; sourceTree = "<group>"; };
		13D5317F1FBEEE8500ECF0BE /* Emdad_Annotations.swift */ = {isa = PBXFileReference; lastKnownFileType = sourcecode.swift; path = Emdad_Annotations.swift; sourceTree = "<group>"; };
		13D531861FBFCDA900ECF0BE /* X_Yekan.ttf */ = {isa = PBXFileReference; lastKnownFileType = file; path = X_Yekan.ttf; sourceTree = "<group>"; };
		13D531871FBFD1F600ECF0BE /* RequestDetailViewController.swift */ = {isa = PBXFileReference; lastKnownFileType = sourcecode.swift; path = RequestDetailViewController.swift; sourceTree = "<group>"; };
		13D531891FBFD27700ECF0BE /* PackageTableViewCell.swift */ = {isa = PBXFileReference; lastKnownFileType = sourcecode.swift; name = PackageTableViewCell.swift; path = Emdad/PackageTableViewCell.swift; sourceTree = SOURCE_ROOT; };
		460CA7812BBAB2CC32918BAA /* Pods-Emdad.release.xcconfig */ = {isa = PBXFileReference; includeInIndex = 1; lastKnownFileType = text.xcconfig; name = "Pods-Emdad.release.xcconfig"; path = "Pods/Target Support Files/Pods-Emdad/Pods-Emdad.release.xcconfig"; sourceTree = "<group>"; };
		74E99C14C32F64EBA05CC51C /* Pods-Emdad.debug.xcconfig */ = {isa = PBXFileReference; includeInIndex = 1; lastKnownFileType = text.xcconfig; name = "Pods-Emdad.debug.xcconfig"; path = "Pods/Target Support Files/Pods-Emdad/Pods-Emdad.debug.xcconfig"; sourceTree = "<group>"; };
		E3283F2BF1392A0D6F492046 /* Pods_Emdad.framework */ = {isa = PBXFileReference; explicitFileType = wrapper.framework; includeInIndex = 0; path = Pods_Emdad.framework; sourceTree = BUILT_PRODUCTS_DIR; };
/* End PBXFileReference section */

/* Begin PBXFrameworksBuildPhase section */
		1345F09B1FBE693F00B94F1B /* Frameworks */ = {
			isa = PBXFrameworksBuildPhase;
			buildActionMask = 2147483647;
			files = (
				7485F9F860F45B009A632C48 /* Pods_Emdad.framework in Frameworks */,
			);
			runOnlyForDeploymentPostprocessing = 0;
		};
/* End PBXFrameworksBuildPhase section */

/* Begin PBXGroup section */
		1345F0951FBE693E00B94F1B = {
			isa = PBXGroup;
			children = (
				1345F0A01FBE693F00B94F1B /* Emdad */,
				1345F09F1FBE693F00B94F1B /* Products */,
				EF22FEA1FB2A9F8FE58DD150 /* Pods */,
				981B6FEB680C6F25E75C8863 /* Frameworks */,
			);
			sourceTree = "<group>";
		};
		1345F09F1FBE693F00B94F1B /* Products */ = {
			isa = PBXGroup;
			children = (
				1345F09E1FBE693F00B94F1B /* Emdad.app */,
			);
			name = Products;
			sourceTree = "<group>";
		};
		1345F0A01FBE693F00B94F1B /* Emdad */ = {
			isa = PBXGroup;
			children = (
				1345F0A11FBE693F00B94F1B /* AppDelegate.swift */,
				13D5318C1FBFD2A800ECF0BE /* Fonts */,
				13D5318B1FBFD29C00ECF0BE /* TableViewCells */,
				13D531851FBFC86E00ECF0BE /* Additionals */,
				136435C21FC05A9C00432445 /* WebService */,
				136435C31FC05AA700432445 /* Objects */,
				13D5318D1FBFD34600ECF0BE /* ViewControllers */,
				1345F0A51FBE693F00B94F1B /* Main.storyboard */,
				1345F0AB1FBE693F00B94F1B /* Assets.xcassets */,
				1345F0AD1FBE693F00B94F1B /* LaunchScreen.storyboard */,
				1345F0B01FBE693F00B94F1B /* Info.plist */,
				1345F0A81FBE693F00B94F1B /* Emdad.xcdatamodeld */,
			);
			path = Emdad;
			sourceTree = "<group>";
		};
		136435C21FC05A9C00432445 /* WebService */ = {
			isa = PBXGroup;
			children = (
				1345F0BA1FBE8C0B00B94F1B /* EmdadBackend.swift */,
			);
			path = WebService;
			sourceTree = "<group>";
		};
		136435C31FC05AA700432445 /* Objects */ = {
			isa = PBXGroup;
			children = (
				1345F0B81FBE69FE00B94F1B /* Emdad_Request.swift */,
				13D5317F1FBEEE8500ECF0BE /* Emdad_Annotations.swift */,
			);
			path = Objects;
			sourceTree = "<group>";
		};
		13D531851FBFC86E00ECF0BE /* Additionals */ = {
			isa = PBXGroup;
			children = (
				136435C41FC0782800432445 /* Emdad_Helper_Module.swift */,
			);
			path = Additionals;
			sourceTree = "<group>";
		};
		13D5318B1FBFD29C00ECF0BE /* TableViewCells */ = {
			isa = PBXGroup;
			children = (
				13D531891FBFD27700ECF0BE /* PackageTableViewCell.swift */,
			);
			name = TableViewCells;
			sourceTree = "<group>";
		};
		13D5318C1FBFD2A800ECF0BE /* Fonts */ = {
			isa = PBXGroup;
			children = (
				13D531861FBFCDA900ECF0BE /* X_Yekan.ttf */,
			);
			path = Fonts;
			sourceTree = "<group>";
		};
		13D5318D1FBFD34600ECF0BE /* ViewControllers */ = {
			isa = PBXGroup;
			children = (
				1345F0A31FBE693F00B94F1B /* LoginViewController.swift */,
				13D531871FBFD1F600ECF0BE /* RequestDetailViewController.swift */,
				136435C01FC05A3000432445 /* MapViewController.swift */,
			);
			path = ViewControllers;
			sourceTree = "<group>";
		};
		981B6FEB680C6F25E75C8863 /* Frameworks */ = {
			isa = PBXGroup;
			children = (
				E3283F2BF1392A0D6F492046 /* Pods_Emdad.framework */,
			);
			name = Frameworks;
			sourceTree = "<group>";
		};
		EF22FEA1FB2A9F8FE58DD150 /* Pods */ = {
			isa = PBXGroup;
			children = (
				74E99C14C32F64EBA05CC51C /* Pods-Emdad.debug.xcconfig */,
				460CA7812BBAB2CC32918BAA /* Pods-Emdad.release.xcconfig */,
			);
			name = Pods;
			sourceTree = "<group>";
		};
/* End PBXGroup section */

/* Begin PBXNativeTarget section */
		1345F09D1FBE693F00B94F1B /* Emdad */ = {
			isa = PBXNativeTarget;
			buildConfigurationList = 1345F0B31FBE693F00B94F1B /* Build configuration list for PBXNativeTarget "Emdad" */;
			buildPhases = (
				39D31B7476208AB99EF46273 /* [CP] Check Pods Manifest.lock */,
				1345F09A1FBE693F00B94F1B /* Sources */,
				1345F09B1FBE693F00B94F1B /* Frameworks */,
				1345F09C1FBE693F00B94F1B /* Resources */,
				4EE88A45D0AD067385EFB1F3 /* [CP] Embed Pods Frameworks */,
				31B3E98FC3CF72EB33A3DBA2 /* [CP] Copy Pods Resources */,
			);
			buildRules = (
			);
			dependencies = (
			);
			name = Emdad;
			productName = Emdad;
			productReference = 1345F09E1FBE693F00B94F1B /* Emdad.app */;
			productType = "com.apple.product-type.application";
		};
/* End PBXNativeTarget section */

/* Begin PBXProject section */
		1345F0961FBE693E00B94F1B /* Project object */ = {
			isa = PBXProject;
			attributes = {
				LastSwiftUpdateCheck = 0910;
				LastUpgradeCheck = 0910;
				ORGANIZATIONNAME = BehradBagheri;
				TargetAttributes = {
					1345F09D1FBE693F00B94F1B = {
						CreatedOnToolsVersion = 9.1;
						ProvisioningStyle = Automatic;
					};
				};
			};
			buildConfigurationList = 1345F0991FBE693E00B94F1B /* Build configuration list for PBXProject "Emdad" */;
			compatibilityVersion = "Xcode 8.0";
			developmentRegion = en;
			hasScannedForEncodings = 0;
			knownRegions = (
				en,
				Base,
			);
			mainGroup = 1345F0951FBE693E00B94F1B;
			productRefGroup = 1345F09F1FBE693F00B94F1B /* Products */;
			projectDirPath = "";
			projectRoot = "";
			targets = (
				1345F09D1FBE693F00B94F1B /* Emdad */,
			);
		};
/* End PBXProject section */

/* Begin PBXResourcesBuildPhase section */
		1345F09C1FBE693F00B94F1B /* Resources */ = {
			isa = PBXResourcesBuildPhase;
			buildActionMask = 2147483647;
			files = (
				1345F0AF1FBE693F00B94F1B /* LaunchScreen.storyboard in Resources */,
				1345F0AC1FBE693F00B94F1B /* Assets.xcassets in Resources */,
				1345F0A71FBE693F00B94F1B /* Main.storyboard in Resources */,
			);
			runOnlyForDeploymentPostprocessing = 0;
		};
/* End PBXResourcesBuildPhase section */

/* Begin PBXShellScriptBuildPhase section */
		31B3E98FC3CF72EB33A3DBA2 /* [CP] Copy Pods Resources */ = {
			isa = PBXShellScriptBuildPhase;
			buildActionMask = 2147483647;
			files = (
			);
			inputPaths = (
			);
			name = "[CP] Copy Pods Resources";
			outputPaths = (
			);
			runOnlyForDeploymentPostprocessing = 0;
			shellPath = /bin/sh;
			shellScript = "\"${SRCROOT}/Pods/Target Support Files/Pods-Emdad/Pods-Emdad-resources.sh\"\n";
			showEnvVarsInLog = 0;
		};
		39D31B7476208AB99EF46273 /* [CP] Check Pods Manifest.lock */ = {
			isa = PBXShellScriptBuildPhase;
			buildActionMask = 2147483647;
			files = (
			);
			inputPaths = (
			);
			name = "[CP] Check Pods Manifest.lock";
			outputPaths = (
			);
			runOnlyForDeploymentPostprocessing = 0;
			shellPath = /bin/sh;
			shellScript = "diff \"${PODS_PODFILE_DIR_PATH}/Podfile.lock\" \"${PODS_ROOT}/Manifest.lock\" > /dev/null\nif [ $? != 0 ] ; then\n    # print error to STDERR\n    echo \"error: The sandbox is not in sync with the Podfile.lock. Run 'pod install' or update your CocoaPods installation.\" >&2\n    exit 1\nfi\n";
			showEnvVarsInLog = 0;
		};
		4EE88A45D0AD067385EFB1F3 /* [CP] Embed Pods Frameworks */ = {
			isa = PBXShellScriptBuildPhase;
			buildActionMask = 2147483647;
			files = (
			);
			inputPaths = (
			);
			name = "[CP] Embed Pods Frameworks";
			outputPaths = (
			);
			runOnlyForDeploymentPostprocessing = 0;
			shellPath = /bin/sh;
			shellScript = "\"${SRCROOT}/Pods/Target Support Files/Pods-Emdad/Pods-Emdad-frameworks.sh\"\n";
			showEnvVarsInLog = 0;
		};
/* End PBXShellScriptBuildPhase section */

/* Begin PBXSourcesBuildPhase section */
		1345F09A1FBE693F00B94F1B /* Sources */ = {
			isa = PBXSourcesBuildPhase;
			buildActionMask = 2147483647;
			files = (
				13D531801FBEEE8500ECF0BE /* Emdad_Annotations.swift in Sources */,
				13D5318A1FBFD27700ECF0BE /* PackageTableViewCell.swift in Sources */,
				1345F0AA1FBE693F00B94F1B /* Emdad.xcdatamodeld in Sources */,
				136435C11FC05A3000432445 /* MapViewController.swift in Sources */,
				1345F0A41FBE693F00B94F1B /* LoginViewController.swift in Sources */,
				136435C51FC0782800432445 /* Emdad_Helper_Module.swift in Sources */,
				1345F0BB1FBE8C0B00B94F1B /* EmdadBackend.swift in Sources */,
				1345F0A21FBE693F00B94F1B /* AppDelegate.swift in Sources */,
				13D531881FBFD1F600ECF0BE /* RequestDetailViewController.swift in Sources */,
				1345F0B91FBE69FE00B94F1B /* Emdad_Request.swift in Sources */,
			);
			runOnlyForDeploymentPostprocessing = 0;
		};
/* End PBXSourcesBuildPhase section */

/* Begin PBXVariantGroup section */
		1345F0A51FBE693F00B94F1B /* Main.storyboard */ = {
			isa = PBXVariantGroup;
			children = (
				1345F0A61FBE693F00B94F1B /* Base */,
			);
			name = Main.storyboard;
			sourceTree = "<group>";
		};
		1345F0AD1FBE693F00B94F1B /* LaunchScreen.storyboard */ = {
			isa = PBXVariantGroup;
			children = (
				1345F0AE1FBE693F00B94F1B /* Base */,
			);
			name = LaunchScreen.storyboard;
			sourceTree = "<group>";
		};
/* End PBXVariantGroup section */

/* Begin XCBuildConfiguration section */
		1345F0B11FBE693F00B94F1B /* Debug */ = {
			isa = XCBuildConfiguration;
			buildSettings = {
				ALWAYS_SEARCH_USER_PATHS = NO;
				CLANG_ANALYZER_NONNULL = YES;
				CLANG_ANALYZER_NUMBER_OBJECT_CONVERSION = YES_AGGRESSIVE;
				CLANG_CXX_LANGUAGE_STANDARD = "gnu++14";
				CLANG_CXX_LIBRARY = "libc++";
				CLANG_ENABLE_MODULES = YES;
				CLANG_ENABLE_OBJC_ARC = YES;
				CLANG_WARN_BLOCK_CAPTURE_AUTORELEASING = YES;
				CLANG_WARN_BOOL_CONVERSION = YES;
				CLANG_WARN_COMMA = YES;
				CLANG_WARN_CONSTANT_CONVERSION = YES;
				CLANG_WARN_DIRECT_OBJC_ISA_USAGE = YES_ERROR;
				CLANG_WARN_DOCUMENTATION_COMMENTS = YES;
				CLANG_WARN_EMPTY_BODY = YES;
				CLANG_WARN_ENUM_CONVERSION = YES;
				CLANG_WARN_INFINITE_RECURSION = YES;
				CLANG_WARN_INT_CONVERSION = YES;
				CLANG_WARN_NON_LITERAL_NULL_CONVERSION = YES;
				CLANG_WARN_OBJC_LITERAL_CONVERSION = YES;
				CLANG_WARN_OBJC_ROOT_CLASS = YES_ERROR;
				CLANG_WARN_RANGE_LOOP_ANALYSIS = YES;
				CLANG_WARN_STRICT_PROTOTYPES = YES;
				CLANG_WARN_SUSPICIOUS_MOVE = YES;
				CLANG_WARN_UNGUARDED_AVAILABILITY = YES_AGGRESSIVE;
				CLANG_WARN_UNREACHABLE_CODE = YES;
				CLANG_WARN__DUPLICATE_METHOD_MATCH = YES;
				CODE_SIGN_IDENTITY = "iPhone Developer";
				COPY_PHASE_STRIP = NO;
				DEBUG_INFORMATION_FORMAT = dwarf;
				ENABLE_STRICT_OBJC_MSGSEND = YES;
				ENABLE_TESTABILITY = YES;
				GCC_C_LANGUAGE_STANDARD = gnu11;
				GCC_DYNAMIC_NO_PIC = NO;
				GCC_NO_COMMON_BLOCKS = YES;
				GCC_OPTIMIZATION_LEVEL = 0;
				GCC_PREPROCESSOR_DEFINITIONS = (
					"DEBUG=1",
					"$(inherited)",
				);
				GCC_WARN_64_TO_32_BIT_CONVERSION = YES;
				GCC_WARN_ABOUT_RETURN_TYPE = YES_ERROR;
				GCC_WARN_UNDECLARED_SELECTOR = YES;
				GCC_WARN_UNINITIALIZED_AUTOS = YES_AGGRESSIVE;
				GCC_WARN_UNUSED_FUNCTION = YES;
				GCC_WARN_UNUSED_VARIABLE = YES;
				IPHONEOS_DEPLOYMENT_TARGET = 11.1;
				MTL_ENABLE_DEBUG_INFO = YES;
				ONLY_ACTIVE_ARCH = YES;
				SDKROOT = iphoneos;
				SWIFT_ACTIVE_COMPILATION_CONDITIONS = DEBUG;
				SWIFT_OPTIMIZATION_LEVEL = "-Onone";
			};
			name = Debug;
		};
		1345F0B21FBE693F00B94F1B /* Release */ = {
			isa = XCBuildConfiguration;
			buildSettings = {
				ALWAYS_SEARCH_USER_PATHS = NO;
				CLANG_ANALYZER_NONNULL = YES;
				CLANG_ANALYZER_NUMBER_OBJECT_CONVERSION = YES_AGGRESSIVE;
				CLANG_CXX_LANGUAGE_STANDARD = "gnu++14";
				CLANG_CXX_LIBRARY = "libc++";
				CLANG_ENABLE_MODULES = YES;
				CLANG_ENABLE_OBJC_ARC = YES;
				CLANG_WARN_BLOCK_CAPTURE_AUTORELEASING = YES;
				CLANG_WARN_BOOL_CONVERSION = YES;
				CLANG_WARN_COMMA = YES;
				CLANG_WARN_CONSTANT_CONVERSION = YES;
				CLANG_WARN_DIRECT_OBJC_ISA_USAGE = YES_ERROR;
				CLANG_WARN_DOCUMENTATION_COMMENTS = YES;
				CLANG_WARN_EMPTY_BODY = YES;
				CLANG_WARN_ENUM_CONVERSION = YES;
				CLANG_WARN_INFINITE_RECURSION = YES;
				CLANG_WARN_INT_CONVERSION = YES;
				CLANG_WARN_NON_LITERAL_NULL_CONVERSION = YES;
				CLANG_WARN_OBJC_LITERAL_CONVERSION = YES;
				CLANG_WARN_OBJC_ROOT_CLASS = YES_ERROR;
				CLANG_WARN_RANGE_LOOP_ANALYSIS = YES;
				CLANG_WARN_STRICT_PROTOTYPES = YES;
				CLANG_WARN_SUSPICIOUS_MOVE = YES;
				CLANG_WARN_UNGUARDED_AVAILABILITY = YES_AGGRESSIVE;
				CLANG_WARN_UNREACHABLE_CODE = YES;
				CLANG_WARN__DUPLICATE_METHOD_MATCH = YES;
				CODE_SIGN_IDENTITY = "iPhone Developer";
				COPY_PHASE_STRIP = NO;
				DEBUG_INFORMATION_FORMAT = "dwarf-with-dsym";
				ENABLE_NS_ASSERTIONS = NO;
				ENABLE_STRICT_OBJC_MSGSEND = YES;
				GCC_C_LANGUAGE_STANDARD = gnu11;
				GCC_NO_COMMON_BLOCKS = YES;
				GCC_WARN_64_TO_32_BIT_CONVERSION = YES;
				GCC_WARN_ABOUT_RETURN_TYPE = YES_ERROR;
				GCC_WARN_UNDECLARED_SELECTOR = YES;
				GCC_WARN_UNINITIALIZED_AUTOS = YES_AGGRESSIVE;
				GCC_WARN_UNUSED_FUNCTION = YES;
				GCC_WARN_UNUSED_VARIABLE = YES;
				IPHONEOS_DEPLOYMENT_TARGET = 11.1;
				MTL_ENABLE_DEBUG_INFO = NO;
				SDKROOT = iphoneos;
				SWIFT_OPTIMIZATION_LEVEL = "-Owholemodule";
				VALIDATE_PRODUCT = YES;
			};
			name = Release;
		};
		1345F0B41FBE693F00B94F1B /* Debug */ = {
			isa = XCBuildConfiguration;
			baseConfigurationReference = 74E99C14C32F64EBA05CC51C /* Pods-Emdad.debug.xcconfig */;
			buildSettings = {
				ASSETCATALOG_COMPILER_APPICON_NAME = AppIcon;
				CODE_SIGN_STYLE = Automatic;
				DEVELOPMENT_TEAM = MT787T68LX;
				INFOPLIST_FILE = Emdad/Info.plist;
				LD_RUNPATH_SEARCH_PATHS = "$(inherited) @executable_path/Frameworks";
				PRODUCT_BUNDLE_IDENTIFIER = com.behrad.Emdad;
				PRODUCT_NAME = "$(TARGET_NAME)";
				SWIFT_VERSION = 4.0;
				TARGETED_DEVICE_FAMILY = "1,2";
			};
			name = Debug;
		};
		1345F0B51FBE693F00B94F1B /* Release */ = {
			isa = XCBuildConfiguration;
			baseConfigurationReference = 460CA7812BBAB2CC32918BAA /* Pods-Emdad.release.xcconfig */;
			buildSettings = {
				ASSETCATALOG_COMPILER_APPICON_NAME = AppIcon;
				CODE_SIGN_STYLE = Automatic;
				DEVELOPMENT_TEAM = MT787T68LX;
				INFOPLIST_FILE = Emdad/Info.plist;
				LD_RUNPATH_SEARCH_PATHS = "$(inherited) @executable_path/Frameworks";
				PRODUCT_BUNDLE_IDENTIFIER = com.behrad.Emdad;
				PRODUCT_NAME = "$(TARGET_NAME)";
				SWIFT_VERSION = 4.0;
				TARGETED_DEVICE_FAMILY = "1,2";
			};
			name = Release;
		};
/* End XCBuildConfiguration section */

/* Begin XCConfigurationList section */
		1345F0991FBE693E00B94F1B /* Build configuration list for PBXProject "Emdad" */ = {
			isa = XCConfigurationList;
			buildConfigurations = (
				1345F0B11FBE693F00B94F1B /* Debug */,
				1345F0B21FBE693F00B94F1B /* Release */,
			);
			defaultConfigurationIsVisible = 0;
			defaultConfigurationName = Release;
		};
		1345F0B31FBE693F00B94F1B /* Build configuration list for PBXNativeTarget "Emdad" */ = {
			isa = XCConfigurationList;
			buildConfigurations = (
				1345F0B41FBE693F00B94F1B /* Debug */,
				1345F0B51FBE693F00B94F1B /* Release */,
			);
			defaultConfigurationIsVisible = 0;
			defaultConfigurationName = Release;
		};
/* End XCConfigurationList section */

/* Begin XCVersionGroup section */
		1345F0A81FBE693F00B94F1B /* Emdad.xcdatamodeld */ = {
			isa = XCVersionGroup;
			children = (
				1345F0A91FBE693F00B94F1B /* Emdad.xcdatamodel */,
			);
			currentVersion = 1345F0A91FBE693F00B94F1B /* Emdad.xcdatamodel */;
			path = Emdad.xcdatamodeld;
			sourceTree = "<group>";
			versionGroupType = wrapper.xcdatamodel;
		};
/* End XCVersionGroup section */
	};
	rootObject = 1345F0961FBE693E00B94F1B /* Project object */;
}
